
Microsoft Visual Studio Solution File, Format Version 12.00
# Visual Studio 15
VisualStudioVersion = 15.0.27428.2043
MinimumVisualStudioVersion = 10.0.40219.1
Project("{9A19103F-16F7-4668-BE54-9A1E7A4F7556}") = "StaticFileTransform.Web", "src\StaticFileTransform.Web\StaticFileTransform.Web.csproj", "{28A68E60-F6DA-4D7B-96BF-AF15FFB8000A}"
EndProject
Project("{9A19103F-16F7-4668-BE54-9A1E7A4F7556}") = "StaticFileTransform", "src\StaticFileTransform\StaticFileTransform.csproj", "{2E88E131-A451-405B-BC42-AAC85AAA28F0}"
EndProject
Project("{9A19103F-16F7-4668-BE54-9A1E7A4F7556}") = "StaticFileTransform.Abstractions", "src\StaticFileTransform.Abstractions\StaticFileTransform.Abstractions.csproj", "{DFD94742-15AB-43F7-B0C2-A4ADBC13A9EE}"
EndProject
Project("{2150E333-8FDC-42A3-9474-1A3956D46DE8}") = "Solution Items", "Solution Items", "{5B3E6DAA-BA9C-4C63-916F-8D5F47C5EA8A}"
	ProjectSection(SolutionItems) = preProject
		.gitignore = .gitignore
		LICENSE = LICENSE
		README.md = README.md
	EndProjectSection
EndProject
Global
	GlobalSection(SolutionConfigurationPlatforms) = preSolution
		Debug|Any CPU = Debug|Any CPU
		Release|Any CPU = Release|Any CPU
	EndGlobalSection
	GlobalSection(ProjectConfigurationPlatforms) = postSolution
		{28A68E60-F6DA-4D7B-96BF-AF15FFB8000A}.Debug|Any CPU.ActiveCfg = Debug|Any CPU
		{28A68E60-F6DA-4D7B-96BF-AF15FFB8000A}.Debug|Any CPU.Build.0 = Debug|Any CPU
		{28A68E60-F6DA-4D7B-96BF-AF15FFB8000A}.Release|Any CPU.ActiveCfg = Release|Any CPU
		{28A68E60-F6DA-4D7B-96BF-AF15FFB8000A}.Release|Any CPU.Build.0 = Release|Any CPU
		{2E88E131-A451-405B-BC42-AAC85AAA28F0}.Debug|Any CPU.ActiveCfg = Debug|Any CPU
		{2E88E131-A451-405B-BC42-AAC85AAA28F0}.Debug|Any CPU.Build.0 = Debug|Any CPU
		{2E88E131-A451-405B-BC42-AAC85AAA28F0}.Release|Any CPU.ActiveCfg = Release|Any CPU
		{2E88E131-A451-405B-BC42-AAC85AAA28F0}.Release|Any CPU.Build.0 = Release|Any CPU
		{DFD94742-15AB-43F7-B0C2-A4ADBC13A9EE}.Debug|Any CPU.ActiveCfg = Debug|Any CPU
		{DFD94742-15AB-43F7-B0C2-A4ADBC13A9EE}.Debug|Any CPU.Build.0 = Debug|Any CPU
		{DFD94742-15AB-43F7-B0C2-A4ADBC13A9EE}.Release|Any CPU.ActiveCfg = Release|Any CPU
		{DFD94742-15AB-43F7-B0C2-A4ADBC13A9EE}.Release|Any CPU.Build.0 = Release|Any CPU
	EndGlobalSection
	GlobalSection(SolutionProperties) = preSolution
		HideSolutionNode = FALSE
	EndGlobalSection
	GlobalSection(ExtensibilityGlobals) = postSolution
		SolutionGuid = {165724B2-2B51-4D9A-8F3B-AA18C6029658}
	EndGlobalSection
EndGlobal
